// !$*UTF8*$!
{
	archiveVersion = 1;
	classes = {
	};
	objectVersion = 51;
	objects = {

/* Begin PBXBuildFile section */
		0CD0F0471535C3492A85BD48 /* Pods_Snapshot_UITests.framework in Frameworks */ = {isa = PBXBuildFile; fileRef = 0B1A3C6CE626B49052B171EF /* Pods_Snapshot_UITests.framework */; };
		3022A90F923E5B2600C0628B /* Pods_UnitTests.framework in Frameworks */ = {isa = PBXBuildFile; fileRef = A8B7CD09FF66C7C7BCDA596E /* Pods_UnitTests.framework */; };
		3C6E4502D37223B1144CECF3 /* (null) in Frameworks */ = {isa = PBXBuildFile; };
		BF4B3A8E2437863B008F8035 /* SignInViewModel.swift in Sources */ = {isa = PBXBuildFile; fileRef = BF4B3A8D2437863B008F8035 /* SignInViewModel.swift */; };
		BF4B3A9124379F0A008F8035 /* String+Extension.swift in Sources */ = {isa = PBXBuildFile; fileRef = BF4B3A9024379F0A008F8035 /* String+Extension.swift */; };
		BF4B3A932437A600008F8035 /* UIViewController+Extension.swift in Sources */ = {isa = PBXBuildFile; fileRef = BF4B3A922437A600008F8035 /* UIViewController+Extension.swift */; };
		BF4B3A992437C6B7008F8035 /* StringExtensionTests.swift in Sources */ = {isa = PBXBuildFile; fileRef = BF4B3A972437C681008F8035 /* StringExtensionTests.swift */; };
		BF50BEE124365D98001A1187 /* SignInSnapshotTests.swift in Sources */ = {isa = PBXBuildFile; fileRef = BF50BEE024365D98001A1187 /* SignInSnapshotTests.swift */; };
		BF87C7F72436435300737959 /* AppDelegate.swift in Sources */ = {isa = PBXBuildFile; fileRef = BF87C7F62436435300737959 /* AppDelegate.swift */; };
		BF87C7F92436435300737959 /* SceneDelegate.swift in Sources */ = {isa = PBXBuildFile; fileRef = BF87C7F82436435300737959 /* SceneDelegate.swift */; };
		BF87C7FB2436435300737959 /* SignInController.swift in Sources */ = {isa = PBXBuildFile; fileRef = BF87C7FA2436435300737959 /* SignInController.swift */; };
		BF87C7FE2436435300737959 /* SignIn.storyboard in Resources */ = {isa = PBXBuildFile; fileRef = BF87C7FC2436435300737959 /* SignIn.storyboard */; };
		BF87C8002436435300737959 /* Assets.xcassets in Resources */ = {isa = PBXBuildFile; fileRef = BF87C7FF2436435300737959 /* Assets.xcassets */; };
		BF87C8032436435300737959 /* LaunchScreen.storyboard in Resources */ = {isa = PBXBuildFile; fileRef = BF87C8012436435300737959 /* LaunchScreen.storyboard */; };
		BF87C80E2436435300737959 /* SignInTests.swift in Sources */ = {isa = PBXBuildFile; fileRef = BF87C80D2436435300737959 /* SignInTests.swift */; };
		BF87C8192436435300737959 /* SignInUITests.swift in Sources */ = {isa = PBXBuildFile; fileRef = BF87C8182436435300737959 /* SignInUITests.swift */; };
		BFEB10E12437D39500A1F4AF /* SignInScreen.swift in Sources */ = {isa = PBXBuildFile; fileRef = BFEB10E02437D39500A1F4AF /* SignInScreen.swift */; };
		BFEB10E32437D45E00A1F4AF /* UIITestBase.swift in Sources */ = {isa = PBXBuildFile; fileRef = BFEB10E22437D45E00A1F4AF /* UIITestBase.swift */; };
		CCC864C88EAFE33BB8CD1220 /* Pods_Snapshot_SnapshotTests.framework in Frameworks */ = {isa = PBXBuildFile; fileRef = 0CA862D2D29D92FBB59CCC79 /* Pods_Snapshot_SnapshotTests.framework */; };
/* End PBXBuildFile section */

/* Begin PBXContainerItemProxy section */
		BF50BECB24364D3E001A1187 /* PBXContainerItemProxy */ = {
			isa = PBXContainerItemProxy;
			containerPortal = BF87C7EB2436435300737959 /* Project object */;
			proxyType = 1;
			remoteGlobalIDString = BF87C7F22436435300737959;
			remoteInfo = Snapshot;
		};
		BF87C80A2436435300737959 /* PBXContainerItemProxy */ = {
			isa = PBXContainerItemProxy;
			containerPortal = BF87C7EB2436435300737959 /* Project object */;
			proxyType = 1;
			remoteGlobalIDString = BF87C7F22436435300737959;
			remoteInfo = Snapshot;
		};
		BF87C8152436435300737959 /* PBXContainerItemProxy */ = {
			isa = PBXContainerItemProxy;
			containerPortal = BF87C7EB2436435300737959 /* Project object */;
			proxyType = 1;
			remoteGlobalIDString = BF87C7F22436435300737959;
			remoteInfo = Snapshot;
		};
/* End PBXContainerItemProxy section */

/* Begin PBXFileReference section */
		0B1A3C6CE626B49052B171EF /* Pods_Snapshot_UITests.framework */ = {isa = PBXFileReference; explicitFileType = wrapper.framework; includeInIndex = 0; path = Pods_Snapshot_UITests.framework; sourceTree = BUILT_PRODUCTS_DIR; };
		0CA862D2D29D92FBB59CCC79 /* Pods_Snapshot_SnapshotTests.framework */ = {isa = PBXFileReference; explicitFileType = wrapper.framework; includeInIndex = 0; path = Pods_Snapshot_SnapshotTests.framework; sourceTree = BUILT_PRODUCTS_DIR; };
		2F9F44742A6D854375DA505A /* Pods-Snapshot-UITests.debug.xcconfig */ = {isa = PBXFileReference; includeInIndex = 1; lastKnownFileType = text.xcconfig; name = "Pods-Snapshot-UITests.debug.xcconfig"; path = "Target Support Files/Pods-Snapshot-UITests/Pods-Snapshot-UITests.debug.xcconfig"; sourceTree = "<group>"; };
		32C75013104C396E61687D2F /* Pods-UnitTests.release.xcconfig */ = {isa = PBXFileReference; includeInIndex = 1; lastKnownFileType = text.xcconfig; name = "Pods-UnitTests.release.xcconfig"; path = "Target Support Files/Pods-UnitTests/Pods-UnitTests.release.xcconfig"; sourceTree = "<group>"; };
		34CA6433C59DE1E2B5DC7E3F /* Pods_Snapshot.framework */ = {isa = PBXFileReference; explicitFileType = wrapper.framework; includeInIndex = 0; path = Pods_Snapshot.framework; sourceTree = BUILT_PRODUCTS_DIR; };
		4500927FB124837DCC90405B /* Pods-UnitTests.debug.xcconfig */ = {isa = PBXFileReference; includeInIndex = 1; lastKnownFileType = text.xcconfig; name = "Pods-UnitTests.debug.xcconfig"; path = "Target Support Files/Pods-UnitTests/Pods-UnitTests.debug.xcconfig"; sourceTree = "<group>"; };
		47C769C1C6BACF0D26F77B77 /* Pods-SnapshotTests.debug.xcconfig */ = {isa = PBXFileReference; includeInIndex = 1; lastKnownFileType = text.xcconfig; name = "Pods-SnapshotTests.debug.xcconfig"; path = "Target Support Files/Pods-SnapshotTests/Pods-SnapshotTests.debug.xcconfig"; sourceTree = "<group>"; };
		499CB697C140269B5FA451C7 /* Pods-Snapshot-SnapshotTests.debug.xcconfig */ = {isa = PBXFileReference; includeInIndex = 1; lastKnownFileType = text.xcconfig; name = "Pods-Snapshot-SnapshotTests.debug.xcconfig"; path = "Target Support Files/Pods-Snapshot-SnapshotTests/Pods-Snapshot-SnapshotTests.debug.xcconfig"; sourceTree = "<group>"; };
		61FA511B90570EE83F973B58 /* Pods-Snapshot-SnapshotUITests.debug.xcconfig */ = {isa = PBXFileReference; includeInIndex = 1; lastKnownFileType = text.xcconfig; name = "Pods-Snapshot-SnapshotUITests.debug.xcconfig"; path = "Target Support Files/Pods-Snapshot-SnapshotUITests/Pods-Snapshot-SnapshotUITests.debug.xcconfig"; sourceTree = "<group>"; };
		6373D5CE12E8AABAD6900AB1 /* Pods-Snapshot-SnapshotTests.release.xcconfig */ = {isa = PBXFileReference; includeInIndex = 1; lastKnownFileType = text.xcconfig; name = "Pods-Snapshot-SnapshotTests.release.xcconfig"; path = "Target Support Files/Pods-Snapshot-SnapshotTests/Pods-Snapshot-SnapshotTests.release.xcconfig"; sourceTree = "<group>"; };
		774357DF05FAA35152C294BD /* Pods-Snapshot-UITests.release.xcconfig */ = {isa = PBXFileReference; includeInIndex = 1; lastKnownFileType = text.xcconfig; name = "Pods-Snapshot-UITests.release.xcconfig"; path = "Target Support Files/Pods-Snapshot-UITests/Pods-Snapshot-UITests.release.xcconfig"; sourceTree = "<group>"; };
		93D4DAE84DFB942C059BD731 /* Pods-SnapshotTests.release.xcconfig */ = {isa = PBXFileReference; includeInIndex = 1; lastKnownFileType = text.xcconfig; name = "Pods-SnapshotTests.release.xcconfig"; path = "Target Support Files/Pods-SnapshotTests/Pods-SnapshotTests.release.xcconfig"; sourceTree = "<group>"; };
		A8B7CD09FF66C7C7BCDA596E /* Pods_UnitTests.framework */ = {isa = PBXFileReference; explicitFileType = wrapper.framework; includeInIndex = 0; path = Pods_UnitTests.framework; sourceTree = BUILT_PRODUCTS_DIR; };
		B0964ECFBE266D5935FCB8BA /* Pods-Snapshot-SnapshotUITests.release.xcconfig */ = {isa = PBXFileReference; includeInIndex = 1; lastKnownFileType = text.xcconfig; name = "Pods-Snapshot-SnapshotUITests.release.xcconfig"; path = "Target Support Files/Pods-Snapshot-SnapshotUITests/Pods-Snapshot-SnapshotUITests.release.xcconfig"; sourceTree = "<group>"; };
		BA7D3A1A16538BAEBF494682 /* Pods-Snapshot.debug.xcconfig */ = {isa = PBXFileReference; includeInIndex = 1; lastKnownFileType = text.xcconfig; name = "Pods-Snapshot.debug.xcconfig"; path = "Target Support Files/Pods-Snapshot/Pods-Snapshot.debug.xcconfig"; sourceTree = "<group>"; };
		BC20860547C8902AAAE606BB /* Pods-Snapshot.release.xcconfig */ = {isa = PBXFileReference; includeInIndex = 1; lastKnownFileType = text.xcconfig; name = "Pods-Snapshot.release.xcconfig"; path = "Target Support Files/Pods-Snapshot/Pods-Snapshot.release.xcconfig"; sourceTree = "<group>"; };
		BF4B3A8D2437863B008F8035 /* SignInViewModel.swift */ = {isa = PBXFileReference; lastKnownFileType = sourcecode.swift; path = SignInViewModel.swift; sourceTree = "<group>"; };
		BF4B3A9024379F0A008F8035 /* String+Extension.swift */ = {isa = PBXFileReference; lastKnownFileType = sourcecode.swift; path = "String+Extension.swift"; sourceTree = "<group>"; };
		BF4B3A922437A600008F8035 /* UIViewController+Extension.swift */ = {isa = PBXFileReference; lastKnownFileType = sourcecode.swift; path = "UIViewController+Extension.swift"; sourceTree = "<group>"; };
		BF4B3A972437C681008F8035 /* StringExtensionTests.swift */ = {isa = PBXFileReference; lastKnownFileType = sourcecode.swift; path = StringExtensionTests.swift; sourceTree = "<group>"; };
		BF50BED624364D3E001A1187 /* SnapshotTests.xctest */ = {isa = PBXFileReference; explicitFileType = wrapper.cfbundle; includeInIndex = 0; path = SnapshotTests.xctest; sourceTree = BUILT_PRODUCTS_DIR; };
		BF50BEDE24365CDF001A1187 /* Info.plist */ = {isa = PBXFileReference; fileEncoding = 4; lastKnownFileType = text.plist.xml; path = Info.plist; sourceTree = "<group>"; };
		BF50BEE024365D98001A1187 /* SignInSnapshotTests.swift */ = {isa = PBXFileReference; lastKnownFileType = sourcecode.swift; path = SignInSnapshotTests.swift; sourceTree = "<group>"; };
		BF87C7F32436435300737959 /* Snapshot.app */ = {isa = PBXFileReference; explicitFileType = wrapper.application; includeInIndex = 0; path = Snapshot.app; sourceTree = BUILT_PRODUCTS_DIR; };
		BF87C7F62436435300737959 /* AppDelegate.swift */ = {isa = PBXFileReference; lastKnownFileType = sourcecode.swift; path = AppDelegate.swift; sourceTree = "<group>"; };
		BF87C7F82436435300737959 /* SceneDelegate.swift */ = {isa = PBXFileReference; lastKnownFileType = sourcecode.swift; path = SceneDelegate.swift; sourceTree = "<group>"; };
		BF87C7FA2436435300737959 /* SignInController.swift */ = {isa = PBXFileReference; lastKnownFileType = sourcecode.swift; path = SignInController.swift; sourceTree = "<group>"; };
		BF87C7FD2436435300737959 /* Base */ = {isa = PBXFileReference; lastKnownFileType = file.storyboard; name = Base; path = Base.lproj/SignIn.storyboard; sourceTree = "<group>"; };
		BF87C7FF2436435300737959 /* Assets.xcassets */ = {isa = PBXFileReference; lastKnownFileType = folder.assetcatalog; path = Assets.xcassets; sourceTree = "<group>"; };
		BF87C8022436435300737959 /* Base */ = {isa = PBXFileReference; lastKnownFileType = file.storyboard; name = Base; path = Base.lproj/LaunchScreen.storyboard; sourceTree = "<group>"; };
		BF87C8042436435300737959 /* Info.plist */ = {isa = PBXFileReference; lastKnownFileType = text.plist.xml; path = Info.plist; sourceTree = "<group>"; };
		BF87C8092436435300737959 /* UnitTests.xctest */ = {isa = PBXFileReference; explicitFileType = wrapper.cfbundle; includeInIndex = 0; path = UnitTests.xctest; sourceTree = BUILT_PRODUCTS_DIR; };
		BF87C80D2436435300737959 /* SignInTests.swift */ = {isa = PBXFileReference; lastKnownFileType = sourcecode.swift; path = SignInTests.swift; sourceTree = "<group>"; };
		BF87C80F2436435300737959 /* Info.plist */ = {isa = PBXFileReference; lastKnownFileType = text.plist.xml; path = Info.plist; sourceTree = "<group>"; };
		BF87C8142436435300737959 /* UITests.xctest */ = {isa = PBXFileReference; explicitFileType = wrapper.cfbundle; includeInIndex = 0; path = UITests.xctest; sourceTree = BUILT_PRODUCTS_DIR; };
		BF87C8182436435300737959 /* SignInUITests.swift */ = {isa = PBXFileReference; lastKnownFileType = sourcecode.swift; path = SignInUITests.swift; sourceTree = "<group>"; };
		BF87C81A2436435300737959 /* Info.plist */ = {isa = PBXFileReference; lastKnownFileType = text.plist.xml; path = Info.plist; sourceTree = "<group>"; };
		BFEB10E02437D39500A1F4AF /* SignInScreen.swift */ = {isa = PBXFileReference; lastKnownFileType = sourcecode.swift; path = SignInScreen.swift; sourceTree = "<group>"; };
		BFEB10E22437D45E00A1F4AF /* UIITestBase.swift */ = {isa = PBXFileReference; lastKnownFileType = sourcecode.swift; path = UIITestBase.swift; sourceTree = "<group>"; };
/* End PBXFileReference section */

/* Begin PBXFrameworksBuildPhase section */
		BF50BECF24364D3E001A1187 /* Frameworks */ = {
			isa = PBXFrameworksBuildPhase;
			buildActionMask = 2147483647;
			files = (
				CCC864C88EAFE33BB8CD1220 /* Pods_Snapshot_SnapshotTests.framework in Frameworks */,
			);
			runOnlyForDeploymentPostprocessing = 0;
		};
		BF87C7F02436435300737959 /* Frameworks */ = {
			isa = PBXFrameworksBuildPhase;
			buildActionMask = 2147483647;
			files = (
			);
			runOnlyForDeploymentPostprocessing = 0;
		};
		BF87C8062436435300737959 /* Frameworks */ = {
			isa = PBXFrameworksBuildPhase;
			buildActionMask = 2147483647;
			files = (
				3C6E4502D37223B1144CECF3 /* (null) in Frameworks */,
				3022A90F923E5B2600C0628B /* Pods_UnitTests.framework in Frameworks */,
			);
			runOnlyForDeploymentPostprocessing = 0;
		};
		BF87C8112436435300737959 /* Frameworks */ = {
			isa = PBXFrameworksBuildPhase;
			buildActionMask = 2147483647;
			files = (
				0CD0F0471535C3492A85BD48 /* Pods_Snapshot_UITests.framework in Frameworks */,
			);
			runOnlyForDeploymentPostprocessing = 0;
		};
/* End PBXFrameworksBuildPhase section */

/* Begin PBXGroup section */
		5A57096F81E7638824AF8292 /* Pods */ = {
			isa = PBXGroup;
			children = (
				BA7D3A1A16538BAEBF494682 /* Pods-Snapshot.debug.xcconfig */,
				BC20860547C8902AAAE606BB /* Pods-Snapshot.release.xcconfig */,
				61FA511B90570EE83F973B58 /* Pods-Snapshot-SnapshotUITests.debug.xcconfig */,
				B0964ECFBE266D5935FCB8BA /* Pods-Snapshot-SnapshotUITests.release.xcconfig */,
				47C769C1C6BACF0D26F77B77 /* Pods-SnapshotTests.debug.xcconfig */,
				93D4DAE84DFB942C059BD731 /* Pods-SnapshotTests.release.xcconfig */,
				2F9F44742A6D854375DA505A /* Pods-Snapshot-UITests.debug.xcconfig */,
				774357DF05FAA35152C294BD /* Pods-Snapshot-UITests.release.xcconfig */,
				4500927FB124837DCC90405B /* Pods-UnitTests.debug.xcconfig */,
				32C75013104C396E61687D2F /* Pods-UnitTests.release.xcconfig */,
				499CB697C140269B5FA451C7 /* Pods-Snapshot-SnapshotTests.debug.xcconfig */,
				6373D5CE12E8AABAD6900AB1 /* Pods-Snapshot-SnapshotTests.release.xcconfig */,
			);
			path = Pods;
			sourceTree = "<group>";
		};
		BF4B3A8F24379EDC008F8035 /* Extensions */ = {
			isa = PBXGroup;
			children = (
				BF4B3A9024379F0A008F8035 /* String+Extension.swift */,
				BF4B3A922437A600008F8035 /* UIViewController+Extension.swift */,
			);
			path = Extensions;
			sourceTree = "<group>";
		};
		BF4B3A942437C4F6008F8035 /* Extensions */ = {
			isa = PBXGroup;
			children = (
				BF4B3A972437C681008F8035 /* StringExtensionTests.swift */,
			);
			path = Extensions;
			sourceTree = "<group>";
		};
		BF4B3A952437C508008F8035 /* Scenes */ = {
			isa = PBXGroup;
			children = (
				BF4B3A962437C518008F8035 /* SignIn */,
			);
			path = Scenes;
			sourceTree = "<group>";
		};
		BF4B3A962437C518008F8035 /* SignIn */ = {
			isa = PBXGroup;
			children = (
				BF87C80D2436435300737959 /* SignInTests.swift */,
			);
			path = SignIn;
			sourceTree = "<group>";
		};
		BF50BEC724364A3D001A1187 /* Testing */ = {
			isa = PBXGroup;
			children = (
				BF50BEC824364BCF001A1187 /* SnapshotTests */,
				BF87C8172436435300737959 /* UITests */,
				BF87C80C2436435300737959 /* UnitTests */,
			);
			path = Testing;
			sourceTree = "<group>";
		};
		BF50BEC824364BCF001A1187 /* SnapshotTests */ = {
			isa = PBXGroup;
			children = (
				BFEB10DE2437D1EC00A1F4AF /* Scenes */,
				BF50BEDE24365CDF001A1187 /* Info.plist */,
			);
			path = SnapshotTests;
			sourceTree = "<group>";
		};
		BF50BED7243655AA001A1187 /* Application */ = {
			isa = PBXGroup;
			children = (
				BF87C7F62436435300737959 /* AppDelegate.swift */,
				BF87C7F82436435300737959 /* SceneDelegate.swift */,
			);
			path = Application;
			sourceTree = "<group>";
		};
		BF50BED8243655C7001A1187 /* Resources */ = {
			isa = PBXGroup;
			children = (
				BF87C7FF2436435300737959 /* Assets.xcassets */,
				BF87C8012436435300737959 /* LaunchScreen.storyboard */,
			);
			path = Resources;
			sourceTree = "<group>";
		};
		BF50BED9243655ED001A1187 /* Scenes */ = {
			isa = PBXGroup;
			children = (
				BF50BEDA24365640001A1187 /* SignIn */,
			);
			path = Scenes;
			sourceTree = "<group>";
		};
		BF50BEDA24365640001A1187 /* SignIn */ = {
			isa = PBXGroup;
			children = (
				BF50BEDB24365656001A1187 /* Controllers */,
				BF50BEDC24365660001A1187 /* Views */,
				BF50BEDD24365681001A1187 /* ViewModels */,
			);
			path = SignIn;
			sourceTree = "<group>";
		};
		BF50BEDB24365656001A1187 /* Controllers */ = {
			isa = PBXGroup;
			children = (
				BF87C7FA2436435300737959 /* SignInController.swift */,
			);
			path = Controllers;
			sourceTree = "<group>";
		};
		BF50BEDC24365660001A1187 /* Views */ = {
			isa = PBXGroup;
			children = (
				BF87C7FC2436435300737959 /* SignIn.storyboard */,
			);
			path = Views;
			sourceTree = "<group>";
		};
		BF50BEDD24365681001A1187 /* ViewModels */ = {
			isa = PBXGroup;
			children = (
				BF4B3A8D2437863B008F8035 /* SignInViewModel.swift */,
			);
			path = ViewModels;
			sourceTree = "<group>";
		};
		BF87C7EA2436435300737959 = {
			isa = PBXGroup;
			children = (
				BF87C7F52436435300737959 /* Snapshot */,
				BF50BEC724364A3D001A1187 /* Testing */,
				BF87C7F42436435300737959 /* Products */,
				5A57096F81E7638824AF8292 /* Pods */,
				E4BEF07C6F216628D01EFBF0 /* Frameworks */,
			);
			sourceTree = "<group>";
		};
		BF87C7F42436435300737959 /* Products */ = {
			isa = PBXGroup;
			children = (
				BF87C7F32436435300737959 /* Snapshot.app */,
				BF87C8092436435300737959 /* UnitTests.xctest */,
				BF87C8142436435300737959 /* UITests.xctest */,
				BF50BED624364D3E001A1187 /* SnapshotTests.xctest */,
			);
			name = Products;
			sourceTree = "<group>";
		};
		BF87C7F52436435300737959 /* Snapshot */ = {
			isa = PBXGroup;
			children = (
				BF50BED7243655AA001A1187 /* Application */,
				BF4B3A8F24379EDC008F8035 /* Extensions */,
				BF50BED8243655C7001A1187 /* Resources */,
				BF50BED9243655ED001A1187 /* Scenes */,
				BF87C8042436435300737959 /* Info.plist */,
			);
			path = Snapshot;
			sourceTree = "<group>";
		};
		BF87C80C2436435300737959 /* UnitTests */ = {
			isa = PBXGroup;
			children = (
				BF4B3A942437C4F6008F8035 /* Extensions */,
				BF4B3A952437C508008F8035 /* Scenes */,
				BF87C80F2436435300737959 /* Info.plist */,
			);
			path = UnitTests;
			sourceTree = "<group>";
		};
		BF87C8172436435300737959 /* UITests */ = {
			isa = PBXGroup;
			children = (
				BFEB10E22437D45E00A1F4AF /* UIITestBase.swift */,
				BFEB10DD2437D1CD00A1F4AF /* Scenes */,
				BF87C81A2436435300737959 /* Info.plist */,
			);
			path = UITests;
			sourceTree = "<group>";
		};
		BFEB10DB2437D1B400A1F4AF /* SignIn */ = {
			isa = PBXGroup;
			children = (
				BFEB10DF2437D37A00A1F4AF /* Helpers */,
				BF87C8182436435300737959 /* SignInUITests.swift */,
			);
			path = SignIn;
			sourceTree = "<group>";
		};
		BFEB10DC2437D1C100A1F4AF /* SignIn */ = {
			isa = PBXGroup;
			children = (
				BF50BEE024365D98001A1187 /* SignInSnapshotTests.swift */,
			);
			path = SignIn;
			sourceTree = "<group>";
		};
		BFEB10DD2437D1CD00A1F4AF /* Scenes */ = {
			isa = PBXGroup;
			children = (
				BFEB10DB2437D1B400A1F4AF /* SignIn */,
			);
			path = Scenes;
			sourceTree = "<group>";
		};
		BFEB10DE2437D1EC00A1F4AF /* Scenes */ = {
			isa = PBXGroup;
			children = (
				BFEB10DC2437D1C100A1F4AF /* SignIn */,
			);
			path = Scenes;
			sourceTree = "<group>";
		};
		BFEB10DF2437D37A00A1F4AF /* Helpers */ = {
			isa = PBXGroup;
			children = (
				BFEB10E02437D39500A1F4AF /* SignInScreen.swift */,
			);
			path = Helpers;
			sourceTree = "<group>";
		};
		E4BEF07C6F216628D01EFBF0 /* Frameworks */ = {
			isa = PBXGroup;
			children = (
				34CA6433C59DE1E2B5DC7E3F /* Pods_Snapshot.framework */,
				0B1A3C6CE626B49052B171EF /* Pods_Snapshot_UITests.framework */,
				0CA862D2D29D92FBB59CCC79 /* Pods_Snapshot_SnapshotTests.framework */,
				A8B7CD09FF66C7C7BCDA596E /* Pods_UnitTests.framework */,
			);
			name = Frameworks;
			sourceTree = "<group>";
		};
/* End PBXGroup section */

/* Begin PBXNativeTarget section */
		BF50BEC924364D3E001A1187 /* SnapshotTests */ = {
			isa = PBXNativeTarget;
			buildConfigurationList = BF50BED324364D3E001A1187 /* Build configuration list for PBXNativeTarget "SnapshotTests" */;
			buildPhases = (
				BF50BECC24364D3E001A1187 /* [CP] Check Pods Manifest.lock */,
				BF50BECD24364D3E001A1187 /* Sources */,
				BF50BECF24364D3E001A1187 /* Frameworks */,
				BF50BED124364D3E001A1187 /* Resources */,
				BF50BED224364D3E001A1187 /* [CP] Embed Pods Frameworks */,
			);
			buildRules = (
			);
			dependencies = (
				BF50BECA24364D3E001A1187 /* PBXTargetDependency */,
			);
			name = SnapshotTests;
			productName = SnapshotTests;
			productReference = BF50BED624364D3E001A1187 /* SnapshotTests.xctest */;
			productType = "com.apple.product-type.bundle.unit-test";
		};
		BF87C7F22436435300737959 /* Snapshot */ = {
			isa = PBXNativeTarget;
			buildConfigurationList = BF87C81D2436435300737959 /* Build configuration list for PBXNativeTarget "Snapshot" */;
			buildPhases = (
				7CA2E57AAD5359BFFE51DF7A /* [CP] Check Pods Manifest.lock */,
				BF87C7EF2436435300737959 /* Sources */,
				BF87C7F02436435300737959 /* Frameworks */,
				BF87C7F12436435300737959 /* Resources */,
			);
			buildRules = (
			);
			dependencies = (
			);
			name = Snapshot;
			productName = Snapshot;
			productReference = BF87C7F32436435300737959 /* Snapshot.app */;
			productType = "com.apple.product-type.application";
		};
		BF87C8082436435300737959 /* UnitTests */ = {
			isa = PBXNativeTarget;
			buildConfigurationList = BF87C8202436435300737959 /* Build configuration list for PBXNativeTarget "UnitTests" */;
			buildPhases = (
				5AD34E9A3E01035BC083C6AE /* [CP] Check Pods Manifest.lock */,
				BF87C8052436435300737959 /* Sources */,
				BF87C8062436435300737959 /* Frameworks */,
				BF87C8072436435300737959 /* Resources */,
			);
			buildRules = (
			);
			dependencies = (
				BF87C80B2436435300737959 /* PBXTargetDependency */,
			);
			name = UnitTests;
			productName = SnapshotTests;
			productReference = BF87C8092436435300737959 /* UnitTests.xctest */;
			productType = "com.apple.product-type.bundle.unit-test";
		};
		BF87C8132436435300737959 /* UITests */ = {
			isa = PBXNativeTarget;
			buildConfigurationList = BF87C8232436435300737959 /* Build configuration list for PBXNativeTarget "UITests" */;
			buildPhases = (
				A2D04D98BEA6904ADDA4731F /* [CP] Check Pods Manifest.lock */,
				BF87C8102436435300737959 /* Sources */,
				BF87C8112436435300737959 /* Frameworks */,
				BF87C8122436435300737959 /* Resources */,
			);
			buildRules = (
			);
			dependencies = (
				BF87C8162436435300737959 /* PBXTargetDependency */,
			);
			name = UITests;
			productName = SnapshotUITests;
			productReference = BF87C8142436435300737959 /* UITests.xctest */;
			productType = "com.apple.product-type.bundle.ui-testing";
		};
/* End PBXNativeTarget section */

/* Begin PBXProject section */
		BF87C7EB2436435300737959 /* Project object */ = {
			isa = PBXProject;
			attributes = {
				LastSwiftUpdateCheck = 1140;
				LastUpgradeCheck = 1140;
				ORGANIZATIONNAME = Arctouch;
				TargetAttributes = {
					BF87C7F22436435300737959 = {
						CreatedOnToolsVersion = 11.4;
					};
					BF87C8082436435300737959 = {
						CreatedOnToolsVersion = 11.4;
						TestTargetID = BF87C7F22436435300737959;
					};
					BF87C8132436435300737959 = {
						CreatedOnToolsVersion = 11.4;
						TestTargetID = BF87C7F22436435300737959;
					};
				};
			};
			buildConfigurationList = BF87C7EE2436435300737959 /* Build configuration list for PBXProject "Snapshot" */;
			compatibilityVersion = "Xcode 9.3";
			developmentRegion = en;
			hasScannedForEncodings = 0;
			knownRegions = (
				en,
				Base,
			);
			mainGroup = BF87C7EA2436435300737959;
			productRefGroup = BF87C7F42436435300737959 /* Products */;
			projectDirPath = "";
			projectRoot = "";
			targets = (
				BF87C7F22436435300737959 /* Snapshot */,
				BF50BEC924364D3E001A1187 /* SnapshotTests */,
				BF87C8132436435300737959 /* UITests */,
				BF87C8082436435300737959 /* UnitTests */,
			);
		};
/* End PBXProject section */

/* Begin PBXResourcesBuildPhase section */
		BF50BED124364D3E001A1187 /* Resources */ = {
			isa = PBXResourcesBuildPhase;
			buildActionMask = 2147483647;
			files = (
			);
			runOnlyForDeploymentPostprocessing = 0;
		};
		BF87C7F12436435300737959 /* Resources */ = {
			isa = PBXResourcesBuildPhase;
			buildActionMask = 2147483647;
			files = (
				BF87C8032436435300737959 /* LaunchScreen.storyboard in Resources */,
				BF87C8002436435300737959 /* Assets.xcassets in Resources */,
				BF87C7FE2436435300737959 /* SignIn.storyboard in Resources */,
			);
			runOnlyForDeploymentPostprocessing = 0;
		};
		BF87C8072436435300737959 /* Resources */ = {
			isa = PBXResourcesBuildPhase;
			buildActionMask = 2147483647;
			files = (
			);
			runOnlyForDeploymentPostprocessing = 0;
		};
		BF87C8122436435300737959 /* Resources */ = {
			isa = PBXResourcesBuildPhase;
			buildActionMask = 2147483647;
			files = (
			);
			runOnlyForDeploymentPostprocessing = 0;
		};
/* End PBXResourcesBuildPhase section */

/* Begin PBXShellScriptBuildPhase section */
		5AD34E9A3E01035BC083C6AE /* [CP] Check Pods Manifest.lock */ = {
			isa = PBXShellScriptBuildPhase;
			buildActionMask = 2147483647;
			files = (
			);
			inputFileListPaths = (
			);
			inputPaths = (
				"${PODS_PODFILE_DIR_PATH}/Podfile.lock",
				"${PODS_ROOT}/Manifest.lock",
			);
			name = "[CP] Check Pods Manifest.lock";
			outputFileListPaths = (
			);
			outputPaths = (
				"$(DERIVED_FILE_DIR)/Pods-UnitTests-checkManifestLockResult.txt",
			);
			runOnlyForDeploymentPostprocessing = 0;
			shellPath = /bin/sh;
			shellScript = "diff \"${PODS_PODFILE_DIR_PATH}/Podfile.lock\" \"${PODS_ROOT}/Manifest.lock\" > /dev/null\nif [ $? != 0 ] ; then\n    # print error to STDERR\n    echo \"error: The sandbox is not in sync with the Podfile.lock. Run 'pod install' or update your CocoaPods installation.\" >&2\n    exit 1\nfi\n# This output is used by Xcode 'outputs' to avoid re-running this script phase.\necho \"SUCCESS\" > \"${SCRIPT_OUTPUT_FILE_0}\"\n";
			showEnvVarsInLog = 0;
		};
		7CA2E57AAD5359BFFE51DF7A /* [CP] Check Pods Manifest.lock */ = {
			isa = PBXShellScriptBuildPhase;
			buildActionMask = 2147483647;
			files = (
			);
			inputFileListPaths = (
			);
			inputPaths = (
				"${PODS_PODFILE_DIR_PATH}/Podfile.lock",
				"${PODS_ROOT}/Manifest.lock",
			);
			name = "[CP] Check Pods Manifest.lock";
			outputFileListPaths = (
			);
			outputPaths = (
				"$(DERIVED_FILE_DIR)/Pods-Snapshot-checkManifestLockResult.txt",
			);
			runOnlyForDeploymentPostprocessing = 0;
			shellPath = /bin/sh;
			shellScript = "diff \"${PODS_PODFILE_DIR_PATH}/Podfile.lock\" \"${PODS_ROOT}/Manifest.lock\" > /dev/null\nif [ $? != 0 ] ; then\n    # print error to STDERR\n    echo \"error: The sandbox is not in sync with the Podfile.lock. Run 'pod install' or update your CocoaPods installation.\" >&2\n    exit 1\nfi\n# This output is used by Xcode 'outputs' to avoid re-running this script phase.\necho \"SUCCESS\" > \"${SCRIPT_OUTPUT_FILE_0}\"\n";
			showEnvVarsInLog = 0;
		};
		A2D04D98BEA6904ADDA4731F /* [CP] Check Pods Manifest.lock */ = {
			isa = PBXShellScriptBuildPhase;
			buildActionMask = 2147483647;
			files = (
			);
			inputFileListPaths = (
			);
			inputPaths = (
				"${PODS_PODFILE_DIR_PATH}/Podfile.lock",
				"${PODS_ROOT}/Manifest.lock",
			);
			name = "[CP] Check Pods Manifest.lock";
			outputFileListPaths = (
			);
			outputPaths = (
				"$(DERIVED_FILE_DIR)/Pods-Snapshot-UITests-checkManifestLockResult.txt",
			);
			runOnlyForDeploymentPostprocessing = 0;
			shellPath = /bin/sh;
			shellScript = "diff \"${PODS_PODFILE_DIR_PATH}/Podfile.lock\" \"${PODS_ROOT}/Manifest.lock\" > /dev/null\nif [ $? != 0 ] ; then\n    # print error to STDERR\n    echo \"error: The sandbox is not in sync with the Podfile.lock. Run 'pod install' or update your CocoaPods installation.\" >&2\n    exit 1\nfi\n# This output is used by Xcode 'outputs' to avoid re-running this script phase.\necho \"SUCCESS\" > \"${SCRIPT_OUTPUT_FILE_0}\"\n";
			showEnvVarsInLog = 0;
		};
		BF50BECC24364D3E001A1187 /* [CP] Check Pods Manifest.lock */ = {
			isa = PBXShellScriptBuildPhase;
			buildActionMask = 2147483647;
			files = (
			);
			inputFileListPaths = (
			);
			inputPaths = (
				"${PODS_PODFILE_DIR_PATH}/Podfile.lock",
				"${PODS_ROOT}/Manifest.lock",
			);
			name = "[CP] Check Pods Manifest.lock";
			outputFileListPaths = (
			);
			outputPaths = (
				"$(DERIVED_FILE_DIR)/Pods-Snapshot-SnapshotTests-checkManifestLockResult.txt",
			);
			runOnlyForDeploymentPostprocessing = 0;
			shellPath = /bin/sh;
			shellScript = "diff \"${PODS_PODFILE_DIR_PATH}/Podfile.lock\" \"${PODS_ROOT}/Manifest.lock\" > /dev/null\nif [ $? != 0 ] ; then\n    # print error to STDERR\n    echo \"error: The sandbox is not in sync with the Podfile.lock. Run 'pod install' or update your CocoaPods installation.\" >&2\n    exit 1\nfi\n# This output is used by Xcode 'outputs' to avoid re-running this script phase.\necho \"SUCCESS\" > \"${SCRIPT_OUTPUT_FILE_0}\"\n";
			showEnvVarsInLog = 0;
		};
		BF50BED224364D3E001A1187 /* [CP] Embed Pods Frameworks */ = {
			isa = PBXShellScriptBuildPhase;
			buildActionMask = 2147483647;
			files = (
			);
			inputFileListPaths = (
				"${PODS_ROOT}/Target Support Files/Pods-Snapshot-SnapshotTests/Pods-Snapshot-SnapshotTests-frameworks-${CONFIGURATION}-input-files.xcfilelist",
			);
			name = "[CP] Embed Pods Frameworks";
			outputFileListPaths = (
				"${PODS_ROOT}/Target Support Files/Pods-Snapshot-SnapshotTests/Pods-Snapshot-SnapshotTests-frameworks-${CONFIGURATION}-output-files.xcfilelist",
			);
			runOnlyForDeploymentPostprocessing = 0;
			shellPath = /bin/sh;
			shellScript = "\"${PODS_ROOT}/Target Support Files/Pods-Snapshot-SnapshotTests/Pods-Snapshot-SnapshotTests-frameworks.sh\"\n";
			showEnvVarsInLog = 0;
		};
/* End PBXShellScriptBuildPhase section */

/* Begin PBXSourcesBuildPhase section */
		BF50BECD24364D3E001A1187 /* Sources */ = {
			isa = PBXSourcesBuildPhase;
			buildActionMask = 2147483647;
			files = (
				BF50BEE124365D98001A1187 /* SignInSnapshotTests.swift in Sources */,
			);
			runOnlyForDeploymentPostprocessing = 0;
		};
		BF87C7EF2436435300737959 /* Sources */ = {
			isa = PBXSourcesBuildPhase;
			buildActionMask = 2147483647;
			files = (
				BF4B3A932437A600008F8035 /* UIViewController+Extension.swift in Sources */,
				BF4B3A8E2437863B008F8035 /* SignInViewModel.swift in Sources */,
				BF87C7FB2436435300737959 /* SignInController.swift in Sources */,
				BF87C7F72436435300737959 /* AppDelegate.swift in Sources */,
				BF4B3A9124379F0A008F8035 /* String+Extension.swift in Sources */,
				BF87C7F92436435300737959 /* SceneDelegate.swift in Sources */,
			);
			runOnlyForDeploymentPostprocessing = 0;
		};
		BF87C8052436435300737959 /* Sources */ = {
			isa = PBXSourcesBuildPhase;
			buildActionMask = 2147483647;
			files = (
				BF4B3A992437C6B7008F8035 /* StringExtensionTests.swift in Sources */,
				BF87C80E2436435300737959 /* SignInTests.swift in Sources */,
			);
			runOnlyForDeploymentPostprocessing = 0;
		};
		BF87C8102436435300737959 /* Sources */ = {
			isa = PBXSourcesBuildPhase;
			buildActionMask = 2147483647;
			files = (
				BF87C8192436435300737959 /* SignInUITests.swift in Sources */,
				BFEB10E12437D39500A1F4AF /* SignInScreen.swift in Sources */,
				BFEB10E32437D45E00A1F4AF /* UIITestBase.swift in Sources */,
			);
			runOnlyForDeploymentPostprocessing = 0;
		};
/* End PBXSourcesBuildPhase section */

/* Begin PBXTargetDependency section */
		BF50BECA24364D3E001A1187 /* PBXTargetDependency */ = {
			isa = PBXTargetDependency;
			target = BF87C7F22436435300737959 /* Snapshot */;
			targetProxy = BF50BECB24364D3E001A1187 /* PBXContainerItemProxy */;
		};
		BF87C80B2436435300737959 /* PBXTargetDependency */ = {
			isa = PBXTargetDependency;
			target = BF87C7F22436435300737959 /* Snapshot */;
			targetProxy = BF87C80A2436435300737959 /* PBXContainerItemProxy */;
		};
		BF87C8162436435300737959 /* PBXTargetDependency */ = {
			isa = PBXTargetDependency;
			target = BF87C7F22436435300737959 /* Snapshot */;
			targetProxy = BF87C8152436435300737959 /* PBXContainerItemProxy */;
		};
/* End PBXTargetDependency section */

/* Begin PBXVariantGroup section */
		BF87C7FC2436435300737959 /* SignIn.storyboard */ = {
			isa = PBXVariantGroup;
			children = (
				BF87C7FD2436435300737959 /* Base */,
			);
			name = SignIn.storyboard;
			sourceTree = "<group>";
		};
		BF87C8012436435300737959 /* LaunchScreen.storyboard */ = {
			isa = PBXVariantGroup;
			children = (
				BF87C8022436435300737959 /* Base */,
			);
			name = LaunchScreen.storyboard;
			sourceTree = "<group>";
		};
/* End PBXVariantGroup section */

/* Begin XCBuildConfiguration section */
		BF50BED424364D3E001A1187 /* Debug */ = {
			isa = XCBuildConfiguration;
			baseConfigurationReference = 499CB697C140269B5FA451C7 /* Pods-Snapshot-SnapshotTests.debug.xcconfig */;
			buildSettings = {
				ALWAYS_EMBED_SWIFT_STANDARD_LIBRARIES = YES;
				BUNDLE_LOADER = "$(TEST_HOST)";
				CODE_SIGN_STYLE = Automatic;
				INFOPLIST_FILE = Testing/SnapshotTests/Info.plist;
				IPHONEOS_DEPLOYMENT_TARGET = 13.4;
				LD_RUNPATH_SEARCH_PATHS = (
					"$(inherited)",
					"@executable_path/Frameworks",
					"@loader_path/Frameworks",
				);
				PRODUCT_BUNDLE_IDENTIFIER = com.arctouch.SnapshotTests;
				PRODUCT_NAME = "$(TARGET_NAME)";
				SWIFT_VERSION = 5.0;
				TARGETED_DEVICE_FAMILY = "1,2";
				TEST_HOST = "$(BUILT_PRODUCTS_DIR)/Snapshot.app/Snapshot";
			};
			name = Debug;
		};
		BF50BED524364D3E001A1187 /* Release */ = {
			isa = XCBuildConfiguration;
			baseConfigurationReference = 6373D5CE12E8AABAD6900AB1 /* Pods-Snapshot-SnapshotTests.release.xcconfig */;
			buildSettings = {
				ALWAYS_EMBED_SWIFT_STANDARD_LIBRARIES = YES;
				BUNDLE_LOADER = "$(TEST_HOST)";
				CODE_SIGN_STYLE = Automatic;
				INFOPLIST_FILE = Testing/SnapshotTests/Info.plist;
				IPHONEOS_DEPLOYMENT_TARGET = 13.4;
				LD_RUNPATH_SEARCH_PATHS = (
					"$(inherited)",
					"@executable_path/Frameworks",
					"@loader_path/Frameworks",
				);
				PRODUCT_BUNDLE_IDENTIFIER = com.arctouch.SnapshotTests;
				PRODUCT_NAME = "$(TARGET_NAME)";
				SWIFT_VERSION = 5.0;
				TARGETED_DEVICE_FAMILY = "1,2";
				TEST_HOST = "$(BUILT_PRODUCTS_DIR)/Snapshot.app/Snapshot";
			};
			name = Release;
		};
		BF87C81B2436435300737959 /* Debug */ = {
			isa = XCBuildConfiguration;
			buildSettings = {
				ALWAYS_SEARCH_USER_PATHS = NO;
				CLANG_ANALYZER_NONNULL = YES;
				CLANG_ANALYZER_NUMBER_OBJECT_CONVERSION = YES_AGGRESSIVE;
				CLANG_CXX_LANGUAGE_STANDARD = "gnu++14";
				CLANG_CXX_LIBRARY = "libc++";
				CLANG_ENABLE_MODULES = YES;
				CLANG_ENABLE_OBJC_ARC = YES;
				CLANG_ENABLE_OBJC_WEAK = YES;
				CLANG_WARN_BLOCK_CAPTURE_AUTORELEASING = YES;
				CLANG_WARN_BOOL_CONVERSION = YES;
				CLANG_WARN_COMMA = YES;
				CLANG_WARN_CONSTANT_CONVERSION = YES;
				CLANG_WARN_DEPRECATED_OBJC_IMPLEMENTATIONS = YES;
				CLANG_WARN_DIRECT_OBJC_ISA_USAGE = YES_ERROR;
				CLANG_WARN_DOCUMENTATION_COMMENTS = YES;
				CLANG_WARN_EMPTY_BODY = YES;
				CLANG_WARN_ENUM_CONVERSION = YES;
				CLANG_WARN_INFINITE_RECURSION = YES;
				CLANG_WARN_INT_CONVERSION = YES;
				CLANG_WARN_NON_LITERAL_NULL_CONVERSION = YES;
				CLANG_WARN_OBJC_IMPLICIT_RETAIN_SELF = YES;
				CLANG_WARN_OBJC_LITERAL_CONVERSION = YES;
				CLANG_WARN_OBJC_ROOT_CLASS = YES_ERROR;
				CLANG_WARN_RANGE_LOOP_ANALYSIS = YES;
				CLANG_WARN_STRICT_PROTOTYPES = YES;
				CLANG_WARN_SUSPICIOUS_MOVE = YES;
				CLANG_WARN_UNGUARDED_AVAILABILITY = YES_AGGRESSIVE;
				CLANG_WARN_UNREACHABLE_CODE = YES;
				CLANG_WARN__DUPLICATE_METHOD_MATCH = YES;
				COPY_PHASE_STRIP = NO;
				DEBUG_INFORMATION_FORMAT = dwarf;
				ENABLE_STRICT_OBJC_MSGSEND = YES;
				ENABLE_TESTABILITY = YES;
				GCC_C_LANGUAGE_STANDARD = gnu11;
				GCC_DYNAMIC_NO_PIC = NO;
				GCC_NO_COMMON_BLOCKS = YES;
				GCC_OPTIMIZATION_LEVEL = 0;
				GCC_PREPROCESSOR_DEFINITIONS = (
					"DEBUG=1",
					"$(inherited)",
				);
				GCC_WARN_64_TO_32_BIT_CONVERSION = YES;
				GCC_WARN_ABOUT_RETURN_TYPE = YES_ERROR;
				GCC_WARN_UNDECLARED_SELECTOR = YES;
				GCC_WARN_UNINITIALIZED_AUTOS = YES_AGGRESSIVE;
				GCC_WARN_UNUSED_FUNCTION = YES;
				GCC_WARN_UNUSED_VARIABLE = YES;
				IPHONEOS_DEPLOYMENT_TARGET = 13.4;
				MTL_ENABLE_DEBUG_INFO = INCLUDE_SOURCE;
				MTL_FAST_MATH = YES;
				ONLY_ACTIVE_ARCH = YES;
				SDKROOT = iphoneos;
				SWIFT_ACTIVE_COMPILATION_CONDITIONS = DEBUG;
				SWIFT_OPTIMIZATION_LEVEL = "-Onone";
			};
			name = Debug;
		};
		BF87C81C2436435300737959 /* Release */ = {
			isa = XCBuildConfiguration;
			buildSettings = {
				ALWAYS_SEARCH_USER_PATHS = NO;
				CLANG_ANALYZER_NONNULL = YES;
				CLANG_ANALYZER_NUMBER_OBJECT_CONVERSION = YES_AGGRESSIVE;
				CLANG_CXX_LANGUAGE_STANDARD = "gnu++14";
				CLANG_CXX_LIBRARY = "libc++";
				CLANG_ENABLE_MODULES = YES;
				CLANG_ENABLE_OBJC_ARC = YES;
				CLANG_ENABLE_OBJC_WEAK = YES;
				CLANG_WARN_BLOCK_CAPTURE_AUTORELEASING = YES;
				CLANG_WARN_BOOL_CONVERSION = YES;
				CLANG_WARN_COMMA = YES;
				CLANG_WARN_CONSTANT_CONVERSION = YES;
				CLANG_WARN_DEPRECATED_OBJC_IMPLEMENTATIONS = YES;
				CLANG_WARN_DIRECT_OBJC_ISA_USAGE = YES_ERROR;
				CLANG_WARN_DOCUMENTATION_COMMENTS = YES;
				CLANG_WARN_EMPTY_BODY = YES;
				CLANG_WARN_ENUM_CONVERSION = YES;
				CLANG_WARN_INFINITE_RECURSION = YES;
				CLANG_WARN_INT_CONVERSION = YES;
				CLANG_WARN_NON_LITERAL_NULL_CONVERSION = YES;
				CLANG_WARN_OBJC_IMPLICIT_RETAIN_SELF = YES;
				CLANG_WARN_OBJC_LITERAL_CONVERSION = YES;
				CLANG_WARN_OBJC_ROOT_CLASS = YES_ERROR;
				CLANG_WARN_RANGE_LOOP_ANALYSIS = YES;
				CLANG_WARN_STRICT_PROTOTYPES = YES;
				CLANG_WARN_SUSPICIOUS_MOVE = YES;
				CLANG_WARN_UNGUARDED_AVAILABILITY = YES_AGGRESSIVE;
				CLANG_WARN_UNREACHABLE_CODE = YES;
				CLANG_WARN__DUPLICATE_METHOD_MATCH = YES;
				COPY_PHASE_STRIP = NO;
				DEBUG_INFORMATION_FORMAT = "dwarf-with-dsym";
				ENABLE_NS_ASSERTIONS = NO;
				ENABLE_STRICT_OBJC_MSGSEND = YES;
				GCC_C_LANGUAGE_STANDARD = gnu11;
				GCC_NO_COMMON_BLOCKS = YES;
				GCC_WARN_64_TO_32_BIT_CONVERSION = YES;
				GCC_WARN_ABOUT_RETURN_TYPE = YES_ERROR;
				GCC_WARN_UNDECLARED_SELECTOR = YES;
				GCC_WARN_UNINITIALIZED_AUTOS = YES_AGGRESSIVE;
				GCC_WARN_UNUSED_FUNCTION = YES;
				GCC_WARN_UNUSED_VARIABLE = YES;
				IPHONEOS_DEPLOYMENT_TARGET = 13.4;
				MTL_ENABLE_DEBUG_INFO = NO;
				MTL_FAST_MATH = YES;
				SDKROOT = iphoneos;
				SWIFT_COMPILATION_MODE = wholemodule;
				SWIFT_OPTIMIZATION_LEVEL = "-O";
				VALIDATE_PRODUCT = YES;
			};
			name = Release;
		};
		BF87C81E2436435300737959 /* Debug */ = {
			isa = XCBuildConfiguration;
			baseConfigurationReference = BA7D3A1A16538BAEBF494682 /* Pods-Snapshot.debug.xcconfig */;
			buildSettings = {
				ASSETCATALOG_COMPILER_APPICON_NAME = AppIcon;
				CODE_SIGN_STYLE = Automatic;
				INFOPLIST_FILE = Snapshot/Info.plist;
				LD_RUNPATH_SEARCH_PATHS = (
					"$(inherited)",
					"@executable_path/Frameworks",
				);
				PRODUCT_BUNDLE_IDENTIFIER = com.arctouch.Snapshot;
				PRODUCT_NAME = "$(TARGET_NAME)";
				SWIFT_VERSION = 5.0;
				TARGETED_DEVICE_FAMILY = "1,2";
			};
			name = Debug;
		};
		BF87C81F2436435300737959 /* Release */ = {
			isa = XCBuildConfiguration;
			baseConfigurationReference = BC20860547C8902AAAE606BB /* Pods-Snapshot.release.xcconfig */;
			buildSettings = {
				ASSETCATALOG_COMPILER_APPICON_NAME = AppIcon;
				CODE_SIGN_STYLE = Automatic;
				INFOPLIST_FILE = Snapshot/Info.plist;
				LD_RUNPATH_SEARCH_PATHS = (
					"$(inherited)",
					"@executable_path/Frameworks",
				);
				PRODUCT_BUNDLE_IDENTIFIER = com.arctouch.Snapshot;
				PRODUCT_NAME = "$(TARGET_NAME)";
				SWIFT_VERSION = 5.0;
				TARGETED_DEVICE_FAMILY = "1,2";
			};
			name = Release;
		};
		BF87C8212436435300737959 /* Debug */ = {
			isa = XCBuildConfiguration;
			baseConfigurationReference = 4500927FB124837DCC90405B /* Pods-UnitTests.debug.xcconfig */;
			buildSettings = {
				ALWAYS_EMBED_SWIFT_STANDARD_LIBRARIES = YES;
				BUNDLE_LOADER = "$(TEST_HOST)";
				CODE_SIGN_STYLE = Automatic;
				INFOPLIST_FILE = Testing/UnitTests/Info.plist;
				IPHONEOS_DEPLOYMENT_TARGET = 13.4;
				LD_RUNPATH_SEARCH_PATHS = (
					"$(inherited)",
					"@executable_path/Frameworks",
					"@loader_path/Frameworks",
				);
				PRODUCT_BUNDLE_IDENTIFIER = com.arctouch.SnapshotTests;
				PRODUCT_NAME = "$(TARGET_NAME)";
				SWIFT_VERSION = 5.0;
				TARGETED_DEVICE_FAMILY = "1,2";
				TEST_HOST = "$(BUILT_PRODUCTS_DIR)/Snapshot.app/Snapshot";
			};
			name = Debug;
		};
		BF87C8222436435300737959 /* Release */ = {
			isa = XCBuildConfiguration;
			baseConfigurationReference = 32C75013104C396E61687D2F /* Pods-UnitTests.release.xcconfig */;
			buildSettings = {
				ALWAYS_EMBED_SWIFT_STANDARD_LIBRARIES = YES;
				BUNDLE_LOADER = "$(TEST_HOST)";
				CODE_SIGN_STYLE = Automatic;
				INFOPLIST_FILE = Testing/UnitTests/Info.plist;
				IPHONEOS_DEPLOYMENT_TARGET = 13.4;
				LD_RUNPATH_SEARCH_PATHS = (
					"$(inherited)",
					"@executable_path/Frameworks",
					"@loader_path/Frameworks",
				);
				PRODUCT_BUNDLE_IDENTIFIER = com.arctouch.SnapshotTests;
				PRODUCT_NAME = "$(TARGET_NAME)";
				SWIFT_VERSION = 5.0;
				TARGETED_DEVICE_FAMILY = "1,2";
				TEST_HOST = "$(BUILT_PRODUCTS_DIR)/Snapshot.app/Snapshot";
			};
			name = Release;
		};
		BF87C8242436435300737959 /* Debug */ = {
			isa = XCBuildConfiguration;
			baseConfigurationReference = 2F9F44742A6D854375DA505A /* Pods-Snapshot-UITests.debug.xcconfig */;
			buildSettings = {
				ALWAYS_EMBED_SWIFT_STANDARD_LIBRARIES = YES;
				CODE_SIGN_STYLE = Automatic;
				INFOPLIST_FILE = Testing/UITests/Info.plist;
				LD_RUNPATH_SEARCH_PATHS = (
					"$(inherited)",
					"@executable_path/Frameworks",
					"@loader_path/Frameworks",
				);
				PRODUCT_BUNDLE_IDENTIFIER = com.arctouch.SnapshotUITests;
				PRODUCT_NAME = "$(TARGET_NAME)";
				SWIFT_VERSION = 5.0;
				TARGETED_DEVICE_FAMILY = "1,2";
				TEST_TARGET_NAME = Snapshot;
			};
			name = Debug;
		};
		BF87C8252436435300737959 /* Release */ = {
			isa = XCBuildConfiguration;
			baseConfigurationReference = 774357DF05FAA35152C294BD /* Pods-Snapshot-UITests.release.xcconfig */;
			buildSettings = {
				ALWAYS_EMBED_SWIFT_STANDARD_LIBRARIES = YES;
				CODE_SIGN_STYLE = Automatic;
				INFOPLIST_FILE = Testing/UITests/Info.plist;
				LD_RUNPATH_SEARCH_PATHS = (
					"$(inherited)",
					"@executable_path/Frameworks",
					"@loader_path/Frameworks",
				);
				PRODUCT_BUNDLE_IDENTIFIER = com.arctouch.SnapshotUITests;
				PRODUCT_NAME = "$(TARGET_NAME)";
				SWIFT_VERSION = 5.0;
				TARGETED_DEVICE_FAMILY = "1,2";
				TEST_TARGET_NAME = Snapshot;
			};
			name = Release;
		};
/* End XCBuildConfiguration section */

/* Begin XCConfigurationList section */
		BF50BED324364D3E001A1187 /* Build configuration list for PBXNativeTarget "SnapshotTests" */ = {
			isa = XCConfigurationList;
			buildConfigurations = (
				BF50BED424364D3E001A1187 /* Debug */,
				BF50BED524364D3E001A1187 /* Release */,
			);
			defaultConfigurationIsVisible = 0;
			defaultConfigurationName = Release;
		};
		BF87C7EE2436435300737959 /* Build configuration list for PBXProject "Snapshot" */ = {
			isa = XCConfigurationList;
			buildConfigurations = (
				BF87C81B2436435300737959 /* Debug */,
				BF87C81C2436435300737959 /* Release */,
			);
			defaultConfigurationIsVisible = 0;
			defaultConfigurationName = Release;
		};
		BF87C81D2436435300737959 /* Build configuration list for PBXNativeTarget "Snapshot" */ = {
			isa = XCConfigurationList;
			buildConfigurations = (
				BF87C81E2436435300737959 /* Debug */,
				BF87C81F2436435300737959 /* Release */,
			);
			defaultConfigurationIsVisible = 0;
			defaultConfigurationName = Release;
		};
		BF87C8202436435300737959 /* Build configuration list for PBXNativeTarget "UnitTests" */ = {
			isa = XCConfigurationList;
			buildConfigurations = (
				BF87C8212436435300737959 /* Debug */,
				BF87C8222436435300737959 /* Release */,
			);
			defaultConfigurationIsVisible = 0;
			defaultConfigurationName = Release;
		};
		BF87C8232436435300737959 /* Build configuration list for PBXNativeTarget "UITests" */ = {
			isa = XCConfigurationList;
			buildConfigurations = (
				BF87C8242436435300737959 /* Debug */,
				BF87C8252436435300737959 /* Release */,
			);
			defaultConfigurationIsVisible = 0;
			defaultConfigurationName = Release;
		};
/* End XCConfigurationList section */
	};
	rootObject = BF87C7EB2436435300737959 /* Project object */;
}
